
Microsoft Visual Studio Solution File, Format Version 12.00
# Visual Studio Version 16
VisualStudioVersion = 16.0.30517.126
MinimumVisualStudioVersion = 10.0.40219.1
Project("{FAE04EC0-301F-11D3-BF4B-00C04F79EFBC}") = "StoreOutline2", "StoreOutline2\StoreOutline2.csproj", "{A92D7CA9-308A-4CFF-AEE1-D2E47CE46294}"
EndProject
Project("{FAE04EC0-301F-11D3-BF4B-00C04F79EFBC}") = "DataManager.Library", "DataManager.Library\DataManager.Library.csproj", "{5E362612-1D50-4DDC-9960-76C30F1C192E}"
EndProject
Project("{00D1A9C2-B5F0-4AF3-8072-F6C62B433612}") = "SO_DataBase", "SO_DataBase\SO_DataBase.sqlproj", "{B4993773-C21F-42F7-95E5-8EA775E146AB}"
EndProject
Global
	GlobalSection(SolutionConfigurationPlatforms) = preSolution
		Debug|Any CPU = Debug|Any CPU
		Release|Any CPU = Release|Any CPU
	EndGlobalSection
	GlobalSection(ProjectConfigurationPlatforms) = postSolution
		{A92D7CA9-308A-4CFF-AEE1-D2E47CE46294}.Debug|Any CPU.ActiveCfg = Debug|Any CPU
		{A92D7CA9-308A-4CFF-AEE1-D2E47CE46294}.Debug|Any CPU.Build.0 = Debug|Any CPU
		{A92D7CA9-308A-4CFF-AEE1-D2E47CE46294}.Release|Any CPU.ActiveCfg = Release|Any CPU
		{A92D7CA9-308A-4CFF-AEE1-D2E47CE46294}.Release|Any CPU.Build.0 = Release|Any CPU
		{5E362612-1D50-4DDC-9960-76C30F1C192E}.Debug|Any CPU.ActiveCfg = Debug|Any CPU
		{5E362612-1D50-4DDC-9960-76C30F1C192E}.Debug|Any CPU.Build.0 = Debug|Any CPU
		{5E362612-1D50-4DDC-9960-76C30F1C192E}.Release|Any CPU.ActiveCfg = Release|Any CPU
		{5E362612-1D50-4DDC-9960-76C30F1C192E}.Release|Any CPU.Build.0 = Release|Any CPU
		{B4993773-C21F-42F7-95E5-8EA775E146AB}.Debug|Any CPU.ActiveCfg = Debug|Any CPU
		{B4993773-C21F-42F7-95E5-8EA775E146AB}.Debug|Any CPU.Build.0 = Debug|Any CPU
		{B4993773-C21F-42F7-95E5-8EA775E146AB}.Debug|Any CPU.Deploy.0 = Debug|Any CPU
		{B4993773-C21F-42F7-95E5-8EA775E146AB}.Release|Any CPU.ActiveCfg = Release|Any CPU
		{B4993773-C21F-42F7-95E5-8EA775E146AB}.Release|Any CPU.Build.0 = Release|Any CPU
		{B4993773-C21F-42F7-95E5-8EA775E146AB}.Release|Any CPU.Deploy.0 = Release|Any CPU
	EndGlobalSection
	GlobalSection(SolutionProperties) = preSolution
		HideSolutionNode = FALSE
	EndGlobalSection
	GlobalSection(ExtensibilityGlobals) = postSolution
		SolutionGuid = {9CAF186B-DDD5-4DCA-8AC7-CC29B41CF394}
	EndGlobalSection
EndGlobal
